
Microsoft Visual Studio Solution File, Format Version 12.00
# Visual Studio Version 16
VisualStudioVersion = 16.0.29728.190
MinimumVisualStudioVersion = 10.0.40219.1
Project("{FAE04EC0-301F-11D3-BF4B-00C04F79EFBC}") = "Taxi.Common", "Taxi.Common\Taxi.Common.csproj", "{CF111133-86CE-47FD-8173-9120168C225F}"
EndProject
Project("{FAE04EC0-301F-11D3-BF4B-00C04F79EFBC}") = "Taxi.Web", "Taxi.Web\Taxi.Web.csproj", "{7BBF504E-7FA9-4A5E-9AF7-E226DD84C9A6}"
EndProject
Project("{FAE04EC0-301F-11D3-BF4B-00C04F79EFBC}") = "Taxi.Prism", "Taxi.Prism\Taxi.Prism\Taxi.Prism.csproj", "{78285DA0-4A00-4305-8D7A-28C23D9FF701}"
EndProject
Project("{FAE04EC0-301F-11D3-BF4B-00C04F79EFBC}") = "Taxi.Prism.Android", "Taxi.Prism\Taxi.Prism.Android\Taxi.Prism.Android.csproj", "{9992F561-5720-4F0C-995D-57FA983C6937}"
EndProject
Project("{FAE04EC0-301F-11D3-BF4B-00C04F79EFBC}") = "Taxi.Prism.iOS", "Taxi.Prism\Taxi.Prism.iOS\Taxi.Prism.iOS.csproj", "{A7A1A34B-8AB0-47BF-A081-3E7142C18BF4}"
EndProject
Project("{FAE04EC0-301F-11D3-BF4B-00C04F79EFBC}") = "Taxi.Cross.Android", "Taxi.Cross.Android\Taxi.Cross.Android.csproj", "{1DD14437-7333-4F20-A038-9F765C4E5295}"
EndProject
Project("{FAE04EC0-301F-11D3-BF4B-00C04F79EFBC}") = "Taxi.Cross.iOS", "Taxi.Cross.iOS\Taxi.Cross.iOS.csproj", "{08C2F1C5-A3F5-4797-BA30-B2A2269372F1}"
EndProject
Global
	GlobalSection(SolutionConfigurationPlatforms) = preSolution
		Ad-Hoc|Any CPU = Ad-Hoc|Any CPU
		Ad-Hoc|iPhone = Ad-Hoc|iPhone
		Ad-Hoc|iPhoneSimulator = Ad-Hoc|iPhoneSimulator
		AppStore|Any CPU = AppStore|Any CPU
		AppStore|iPhone = AppStore|iPhone
		AppStore|iPhoneSimulator = AppStore|iPhoneSimulator
		Debug|Any CPU = Debug|Any CPU
		Debug|iPhone = Debug|iPhone
		Debug|iPhoneSimulator = Debug|iPhoneSimulator
		Release|Any CPU = Release|Any CPU
		Release|iPhone = Release|iPhone
		Release|iPhoneSimulator = Release|iPhoneSimulator
	EndGlobalSection
	GlobalSection(ProjectConfigurationPlatforms) = postSolution
		{CF111133-86CE-47FD-8173-9120168C225F}.Ad-Hoc|Any CPU.ActiveCfg = Debug|Any CPU
		{CF111133-86CE-47FD-8173-9120168C225F}.Ad-Hoc|Any CPU.Build.0 = Debug|Any CPU
		{CF111133-86CE-47FD-8173-9120168C225F}.Ad-Hoc|iPhone.ActiveCfg = Debug|Any CPU
		{CF111133-86CE-47FD-8173-9120168C225F}.Ad-Hoc|iPhone.Build.0 = Debug|Any CPU
		{CF111133-86CE-47FD-8173-9120168C225F}.Ad-Hoc|iPhoneSimulator.ActiveCfg = Debug|Any CPU
		{CF111133-86CE-47FD-8173-9120168C225F}.Ad-Hoc|iPhoneSimulator.Build.0 = Debug|Any CPU
		{CF111133-86CE-47FD-8173-9120168C225F}.AppStore|Any CPU.ActiveCfg = Debug|Any CPU
		{CF111133-86CE-47FD-8173-9120168C225F}.AppStore|Any CPU.Build.0 = Debug|Any CPU
		{CF111133-86CE-47FD-8173-9120168C225F}.AppStore|iPhone.ActiveCfg = Debug|Any CPU
		{CF111133-86CE-47FD-8173-9120168C225F}.AppStore|iPhone.Build.0 = Debug|Any CPU
		{CF111133-86CE-47FD-8173-9120168C225F}.AppStore|iPhoneSimulator.ActiveCfg = Debug|Any CPU
		{CF111133-86CE-47FD-8173-9120168C225F}.AppStore|iPhoneSimulator.Build.0 = Debug|Any CPU
		{CF111133-86CE-47FD-8173-9120168C225F}.Debug|Any CPU.ActiveCfg = Debug|Any CPU
		{CF111133-86CE-47FD-8173-9120168C225F}.Debug|Any CPU.Build.0 = Debug|Any CPU
		{CF111133-86CE-47FD-8173-9120168C225F}.Debug|iPhone.ActiveCfg = Debug|Any CPU
		{CF111133-86CE-47FD-8173-9120168C225F}.Debug|iPhone.Build.0 = Debug|Any CPU
		{CF111133-86CE-47FD-8173-9120168C225F}.Debug|iPhoneSimulator.ActiveCfg = Debug|Any CPU
		{CF111133-86CE-47FD-8173-9120168C225F}.Debug|iPhoneSimulator.Build.0 = Debug|Any CPU
		{CF111133-86CE-47FD-8173-9120168C225F}.Release|Any CPU.ActiveCfg = Release|Any CPU
		{CF111133-86CE-47FD-8173-9120168C225F}.Release|Any CPU.Build.0 = Release|Any CPU
		{CF111133-86CE-47FD-8173-9120168C225F}.Release|iPhone.ActiveCfg = Release|Any CPU
		{CF111133-86CE-47FD-8173-9120168C225F}.Release|iPhone.Build.0 = Release|Any CPU
		{CF111133-86CE-47FD-8173-9120168C225F}.Release|iPhoneSimulator.ActiveCfg = Release|Any CPU
		{CF111133-86CE-47FD-8173-9120168C225F}.Release|iPhoneSimulator.Build.0 = Release|Any CPU
		{7BBF504E-7FA9-4A5E-9AF7-E226DD84C9A6}.Ad-Hoc|Any CPU.ActiveCfg = Debug|Any CPU
		{7BBF504E-7FA9-4A5E-9AF7-E226DD84C9A6}.Ad-Hoc|Any CPU.Build.0 = Debug|Any CPU
		{7BBF504E-7FA9-4A5E-9AF7-E226DD84C9A6}.Ad-Hoc|iPhone.ActiveCfg = Debug|Any CPU
		{7BBF504E-7FA9-4A5E-9AF7-E226DD84C9A6}.Ad-Hoc|iPhone.Build.0 = Debug|Any CPU
		{7BBF504E-7FA9-4A5E-9AF7-E226DD84C9A6}.Ad-Hoc|iPhoneSimulator.ActiveCfg = Debug|Any CPU
		{7BBF504E-7FA9-4A5E-9AF7-E226DD84C9A6}.Ad-Hoc|iPhoneSimulator.Build.0 = Debug|Any CPU
		{7BBF504E-7FA9-4A5E-9AF7-E226DD84C9A6}.AppStore|Any CPU.ActiveCfg = Debug|Any CPU
		{7BBF504E-7FA9-4A5E-9AF7-E226DD84C9A6}.AppStore|Any CPU.Build.0 = Debug|Any CPU
		{7BBF504E-7FA9-4A5E-9AF7-E226DD84C9A6}.AppStore|iPhone.ActiveCfg = Debug|Any CPU
		{7BBF504E-7FA9-4A5E-9AF7-E226DD84C9A6}.AppStore|iPhone.Build.0 = Debug|Any CPU
		{7BBF504E-7FA9-4A5E-9AF7-E226DD84C9A6}.AppStore|iPhoneSimulator.ActiveCfg = Debug|Any CPU
		{7BBF504E-7FA9-4A5E-9AF7-E226DD84C9A6}.AppStore|iPhoneSimulator.Build.0 = Debug|Any CPU
		{7BBF504E-7FA9-4A5E-9AF7-E226DD84C9A6}.Debug|Any CPU.ActiveCfg = Debug|Any CPU
		{7BBF504E-7FA9-4A5E-9AF7-E226DD84C9A6}.Debug|Any CPU.Build.0 = Debug|Any CPU
		{7BBF504E-7FA9-4A5E-9AF7-E226DD84C9A6}.Debug|iPhone.ActiveCfg = Debug|Any CPU
		{7BBF504E-7FA9-4A5E-9AF7-E226DD84C9A6}.Debug|iPhone.Build.0 = Debug|Any CPU
		{7BBF504E-7FA9-4A5E-9AF7-E226DD84C9A6}.Debug|iPhoneSimulator.ActiveCfg = Debug|Any CPU
		{7BBF504E-7FA9-4A5E-9AF7-E226DD84C9A6}.Debug|iPhoneSimulator.Build.0 = Debug|Any CPU
		{7BBF504E-7FA9-4A5E-9AF7-E226DD84C9A6}.Release|Any CPU.ActiveCfg = Release|Any CPU
		{7BBF504E-7FA9-4A5E-9AF7-E226DD84C9A6}.Release|Any CPU.Build.0 = Release|Any CPU
		{7BBF504E-7FA9-4A5E-9AF7-E226DD84C9A6}.Release|iPhone.ActiveCfg = Release|Any CPU
		{7BBF504E-7FA9-4A5E-9AF7-E226DD84C9A6}.Release|iPhone.Build.0 = Release|Any CPU
		{7BBF504E-7FA9-4A5E-9AF7-E226DD84C9A6}.Release|iPhoneSimulator.ActiveCfg = Release|Any CPU
		{7BBF504E-7FA9-4A5E-9AF7-E226DD84C9A6}.Release|iPhoneSimulator.Build.0 = Release|Any CPU
		{78285DA0-4A00-4305-8D7A-28C23D9FF701}.Ad-Hoc|Any CPU.ActiveCfg = Debug|Any CPU
		{78285DA0-4A00-4305-8D7A-28C23D9FF701}.Ad-Hoc|Any CPU.Build.0 = Debug|Any CPU
		{78285DA0-4A00-4305-8D7A-28C23D9FF701}.Ad-Hoc|iPhone.ActiveCfg = Debug|Any CPU
		{78285DA0-4A00-4305-8D7A-28C23D9FF701}.Ad-Hoc|iPhone.Build.0 = Debug|Any CPU
		{78285DA0-4A00-4305-8D7A-28C23D9FF701}.Ad-Hoc|iPhoneSimulator.ActiveCfg = Debug|Any CPU
		{78285DA0-4A00-4305-8D7A-28C23D9FF701}.Ad-Hoc|iPhoneSimulator.Build.0 = Debug|Any CPU
		{78285DA0-4A00-4305-8D7A-28C23D9FF701}.AppStore|Any CPU.ActiveCfg = Debug|Any CPU
		{78285DA0-4A00-4305-8D7A-28C23D9FF701}.AppStore|Any CPU.Build.0 = Debug|Any CPU
		{78285DA0-4A00-4305-8D7A-28C23D9FF701}.AppStore|iPhone.ActiveCfg = Debug|Any CPU
		{78285DA0-4A00-4305-8D7A-28C23D9FF701}.AppStore|iPhone.Build.0 = Debug|Any CPU
		{78285DA0-4A00-4305-8D7A-28C23D9FF701}.AppStore|iPhoneSimulator.ActiveCfg = Debug|Any CPU
		{78285DA0-4A00-4305-8D7A-28C23D9FF701}.AppStore|iPhoneSimulator.Build.0 = Debug|Any CPU
		{78285DA0-4A00-4305-8D7A-28C23D9FF701}.Debug|Any CPU.ActiveCfg = Debug|Any CPU
		{78285DA0-4A00-4305-8D7A-28C23D9FF701}.Debug|Any CPU.Build.0 = Debug|Any CPU
		{78285DA0-4A00-4305-8D7A-28C23D9FF701}.Debug|iPhone.ActiveCfg = Debug|Any CPU
		{78285DA0-4A00-4305-8D7A-28C23D9FF701}.Debug|iPhone.Build.0 = Debug|Any CPU
		{78285DA0-4A00-4305-8D7A-28C23D9FF701}.Debug|iPhoneSimulator.ActiveCfg = Debug|Any CPU
		{78285DA0-4A00-4305-8D7A-28C23D9FF701}.Debug|iPhoneSimulator.Build.0 = Debug|Any CPU
		{78285DA0-4A00-4305-8D7A-28C23D9FF701}.Release|Any CPU.ActiveCfg = Release|Any CPU
		{78285DA0-4A00-4305-8D7A-28C23D9FF701}.Release|Any CPU.Build.0 = Release|Any CPU
		{78285DA0-4A00-4305-8D7A-28C23D9FF701}.Release|iPhone.ActiveCfg = Release|Any CPU
		{78285DA0-4A00-4305-8D7A-28C23D9FF701}.Release|iPhone.Build.0 = Release|Any CPU
		{78285DA0-4A00-4305-8D7A-28C23D9FF701}.Release|iPhoneSimulator.ActiveCfg = Release|Any CPU
		{78285DA0-4A00-4305-8D7A-28C23D9FF701}.Release|iPhoneSimulator.Build.0 = Release|Any CPU
		{9992F561-5720-4F0C-995D-57FA983C6937}.Ad-Hoc|Any CPU.ActiveCfg = Release|Any CPU
		{9992F561-5720-4F0C-995D-57FA983C6937}.Ad-Hoc|Any CPU.Build.0 = Release|Any CPU
		{9992F561-5720-4F0C-995D-57FA983C6937}.Ad-Hoc|Any CPU.Deploy.0 = Release|Any CPU
		{9992F561-5720-4F0C-995D-57FA983C6937}.Ad-Hoc|iPhone.ActiveCfg = Release|Any CPU
		{9992F561-5720-4F0C-995D-57FA983C6937}.Ad-Hoc|iPhone.Build.0 = Release|Any CPU
		{9992F561-5720-4F0C-995D-57FA983C6937}.Ad-Hoc|iPhone.Deploy.0 = Release|Any CPU
		{9992F561-5720-4F0C-995D-57FA983C6937}.Ad-Hoc|iPhoneSimulator.ActiveCfg = Release|Any CPU
		{9992F561-5720-4F0C-995D-57FA983C6937}.Ad-Hoc|iPhoneSimulator.Build.0 = Release|Any CPU
		{9992F561-5720-4F0C-995D-57FA983C6937}.Ad-Hoc|iPhoneSimulator.Deploy.0 = Release|Any CPU
		{9992F561-5720-4F0C-995D-57FA983C6937}.AppStore|Any CPU.ActiveCfg = Release|Any CPU
		{9992F561-5720-4F0C-995D-57FA983C6937}.AppStore|Any CPU.Build.0 = Release|Any CPU
		{9992F561-5720-4F0C-995D-57FA983C6937}.AppStore|Any CPU.Deploy.0 = Release|Any CPU
		{9992F561-5720-4F0C-995D-57FA983C6937}.AppStore|iPhone.ActiveCfg = Release|Any CPU
		{9992F561-5720-4F0C-995D-57FA983C6937}.AppStore|iPhone.Build.0 = Release|Any CPU
		{9992F561-5720-4F0C-995D-57FA983C6937}.AppStore|iPhone.Deploy.0 = Release|Any CPU
		{9992F561-5720-4F0C-995D-57FA983C6937}.AppStore|iPhoneSimulator.ActiveCfg = Release|Any CPU
		{9992F561-5720-4F0C-995D-57FA983C6937}.AppStore|iPhoneSimulator.Build.0 = Release|Any CPU
		{9992F561-5720-4F0C-995D-57FA983C6937}.AppStore|iPhoneSimulator.Deploy.0 = Release|Any CPU
		{9992F561-5720-4F0C-995D-57FA983C6937}.Debug|Any CPU.ActiveCfg = Debug|Any CPU
		{9992F561-5720-4F0C-995D-57FA983C6937}.Debug|Any CPU.Build.0 = Debug|Any CPU
		{9992F561-5720-4F0C-995D-57FA983C6937}.Debug|Any CPU.Deploy.0 = Debug|Any CPU
		{9992F561-5720-4F0C-995D-57FA983C6937}.Debug|iPhone.ActiveCfg = Debug|Any CPU
		{9992F561-5720-4F0C-995D-57FA983C6937}.Debug|iPhone.Build.0 = Debug|Any CPU
		{9992F561-5720-4F0C-995D-57FA983C6937}.Debug|iPhone.Deploy.0 = Debug|Any CPU
		{9992F561-5720-4F0C-995D-57FA983C6937}.Debug|iPhoneSimulator.ActiveCfg = Debug|Any CPU
		{9992F561-5720-4F0C-995D-57FA983C6937}.Debug|iPhoneSimulator.Build.0 = Debug|Any CPU
		{9992F561-5720-4F0C-995D-57FA983C6937}.Debug|iPhoneSimulator.Deploy.0 = Debug|Any CPU
		{9992F561-5720-4F0C-995D-57FA983C6937}.Release|Any CPU.ActiveCfg = Release|Any CPU
		{9992F561-5720-4F0C-995D-57FA983C6937}.Release|Any CPU.Build.0 = Release|Any CPU
		{9992F561-5720-4F0C-995D-57FA983C6937}.Release|Any CPU.Deploy.0 = Release|Any CPU
		{9992F561-5720-4F0C-995D-57FA983C6937}.Release|iPhone.ActiveCfg = Release|Any CPU
		{9992F561-5720-4F0C-995D-57FA983C6937}.Release|iPhone.Build.0 = Release|Any CPU
		{9992F561-5720-4F0C-995D-57FA983C6937}.Release|iPhone.Deploy.0 = Release|Any CPU
		{9992F561-5720-4F0C-995D-57FA983C6937}.Release|iPhoneSimulator.ActiveCfg = Release|Any CPU
		{9992F561-5720-4F0C-995D-57FA983C6937}.Release|iPhoneSimulator.Build.0 = Release|Any CPU
		{9992F561-5720-4F0C-995D-57FA983C6937}.Release|iPhoneSimulator.Deploy.0 = Release|Any CPU
		{A7A1A34B-8AB0-47BF-A081-3E7142C18BF4}.Ad-Hoc|Any CPU.ActiveCfg = Ad-Hoc|iPhone
		{A7A1A34B-8AB0-47BF-A081-3E7142C18BF4}.Ad-Hoc|iPhone.ActiveCfg = Ad-Hoc|iPhone
		{A7A1A34B-8AB0-47BF-A081-3E7142C18BF4}.Ad-Hoc|iPhone.Build.0 = Ad-Hoc|iPhone
		{A7A1A34B-8AB0-47BF-A081-3E7142C18BF4}.Ad-Hoc|iPhoneSimulator.ActiveCfg = Ad-Hoc|iPhoneSimulator
		{A7A1A34B-8AB0-47BF-A081-3E7142C18BF4}.Ad-Hoc|iPhoneSimulator.Build.0 = Ad-Hoc|iPhoneSimulator
		{A7A1A34B-8AB0-47BF-A081-3E7142C18BF4}.AppStore|Any CPU.ActiveCfg = AppStore|iPhone
		{A7A1A34B-8AB0-47BF-A081-3E7142C18BF4}.AppStore|iPhone.ActiveCfg = AppStore|iPhone
		{A7A1A34B-8AB0-47BF-A081-3E7142C18BF4}.AppStore|iPhone.Build.0 = AppStore|iPhone
		{A7A1A34B-8AB0-47BF-A081-3E7142C18BF4}.AppStore|iPhoneSimulator.ActiveCfg = AppStore|iPhoneSimulator
		{A7A1A34B-8AB0-47BF-A081-3E7142C18BF4}.AppStore|iPhoneSimulator.Build.0 = AppStore|iPhoneSimulator
		{A7A1A34B-8AB0-47BF-A081-3E7142C18BF4}.Debug|Any CPU.ActiveCfg = Debug|iPhone
		{A7A1A34B-8AB0-47BF-A081-3E7142C18BF4}.Debug|iPhone.ActiveCfg = Debug|iPhone
		{A7A1A34B-8AB0-47BF-A081-3E7142C18BF4}.Debug|iPhone.Build.0 = Debug|iPhone
		{A7A1A34B-8AB0-47BF-A081-3E7142C18BF4}.Debug|iPhoneSimulator.ActiveCfg = Debug|iPhoneSimulator
		{A7A1A34B-8AB0-47BF-A081-3E7142C18BF4}.Debug|iPhoneSimulator.Build.0 = Debug|iPhoneSimulator
		{A7A1A34B-8AB0-47BF-A081-3E7142C18BF4}.Release|Any CPU.ActiveCfg = Release|iPhone
		{A7A1A34B-8AB0-47BF-A081-3E7142C18BF4}.Release|iPhone.ActiveCfg = Release|iPhone
		{A7A1A34B-8AB0-47BF-A081-3E7142C18BF4}.Release|iPhone.Build.0 = Release|iPhone
		{A7A1A34B-8AB0-47BF-A081-3E7142C18BF4}.Release|iPhoneSimulator.ActiveCfg = Release|iPhoneSimulator
		{A7A1A34B-8AB0-47BF-A081-3E7142C18BF4}.Release|iPhoneSimulator.Build.0 = Release|iPhoneSimulator
		{1DD14437-7333-4F20-A038-9F765C4E5295}.Ad-Hoc|Any CPU.ActiveCfg = Release|Any CPU
		{1DD14437-7333-4F20-A038-9F765C4E5295}.Ad-Hoc|Any CPU.Build.0 = Release|Any CPU
		{1DD14437-7333-4F20-A038-9F765C4E5295}.Ad-Hoc|Any CPU.Deploy.0 = Release|Any CPU
		{1DD14437-7333-4F20-A038-9F765C4E5295}.Ad-Hoc|iPhone.ActiveCfg = Release|Any CPU
		{1DD14437-7333-4F20-A038-9F765C4E5295}.Ad-Hoc|iPhone.Build.0 = Release|Any CPU
		{1DD14437-7333-4F20-A038-9F765C4E5295}.Ad-Hoc|iPhone.Deploy.0 = Release|Any CPU
		{1DD14437-7333-4F20-A038-9F765C4E5295}.Ad-Hoc|iPhoneSimulator.ActiveCfg = Release|Any CPU
		{1DD14437-7333-4F20-A038-9F765C4E5295}.Ad-Hoc|iPhoneSimulator.Build.0 = Release|Any CPU
		{1DD14437-7333-4F20-A038-9F765C4E5295}.Ad-Hoc|iPhoneSimulator.Deploy.0 = Release|Any CPU
		{1DD14437-7333-4F20-A038-9F765C4E5295}.AppStore|Any CPU.ActiveCfg = Release|Any CPU
		{1DD14437-7333-4F20-A038-9F765C4E5295}.AppStore|Any CPU.Build.0 = Release|Any CPU
		{1DD14437-7333-4F20-A038-9F765C4E5295}.AppStore|Any CPU.Deploy.0 = Release|Any CPU
		{1DD14437-7333-4F20-A038-9F765C4E5295}.AppStore|iPhone.ActiveCfg = Release|Any CPU
		{1DD14437-7333-4F20-A038-9F765C4E5295}.AppStore|iPhone.Build.0 = Release|Any CPU
		{1DD14437-7333-4F20-A038-9F765C4E5295}.AppStore|iPhone.Deploy.0 = Release|Any CPU
		{1DD14437-7333-4F20-A038-9F765C4E5295}.AppStore|iPhoneSimulator.ActiveCfg = Release|Any CPU
		{1DD14437-7333-4F20-A038-9F765C4E5295}.AppStore|iPhoneSimulator.Build.0 = Release|Any CPU
		{1DD14437-7333-4F20-A038-9F765C4E5295}.AppStore|iPhoneSimulator.Deploy.0 = Release|Any CPU
		{1DD14437-7333-4F20-A038-9F765C4E5295}.Debug|Any CPU.ActiveCfg = Debug|Any CPU
		{1DD14437-7333-4F20-A038-9F765C4E5295}.Debug|Any CPU.Build.0 = Debug|Any CPU
		{1DD14437-7333-4F20-A038-9F765C4E5295}.Debug|Any CPU.Deploy.0 = Debug|Any CPU
		{1DD14437-7333-4F20-A038-9F765C4E5295}.Debug|iPhone.ActiveCfg = Debug|Any CPU
		{1DD14437-7333-4F20-A038-9F765C4E5295}.Debug|iPhone.Build.0 = Debug|Any CPU
		{1DD14437-7333-4F20-A038-9F765C4E5295}.Debug|iPhone.Deploy.0 = Debug|Any CPU
		{1DD14437-7333-4F20-A038-9F765C4E5295}.Debug|iPhoneSimulator.ActiveCfg = Debug|Any CPU
		{1DD14437-7333-4F20-A038-9F765C4E5295}.Debug|iPhoneSimulator.Build.0 = Debug|Any CPU
		{1DD14437-7333-4F20-A038-9F765C4E5295}.Debug|iPhoneSimulator.Deploy.0 = Debug|Any CPU
		{1DD14437-7333-4F20-A038-9F765C4E5295}.Release|Any CPU.ActiveCfg = Release|Any CPU
		{1DD14437-7333-4F20-A038-9F765C4E5295}.Release|Any CPU.Build.0 = Release|Any CPU
		{1DD14437-7333-4F20-A038-9F765C4E5295}.Release|Any CPU.Deploy.0 = Release|Any CPU
		{1DD14437-7333-4F20-A038-9F765C4E5295}.Release|iPhone.ActiveCfg = Release|Any CPU
		{1DD14437-7333-4F20-A038-9F765C4E5295}.Release|iPhone.Build.0 = Release|Any CPU
		{1DD14437-7333-4F20-A038-9F765C4E5295}.Release|iPhone.Deploy.0 = Release|Any CPU
		{1DD14437-7333-4F20-A038-9F765C4E5295}.Release|iPhoneSimulator.ActiveCfg = Release|Any CPU
		{1DD14437-7333-4F20-A038-9F765C4E5295}.Release|iPhoneSimulator.Build.0 = Release|Any CPU
		{1DD14437-7333-4F20-A038-9F765C4E5295}.Release|iPhoneSimulator.Deploy.0 = Release|Any CPU
		{08C2F1C5-A3F5-4797-BA30-B2A2269372F1}.Ad-Hoc|Any CPU.ActiveCfg = Release|iPhone
		{08C2F1C5-A3F5-4797-BA30-B2A2269372F1}.Ad-Hoc|Any CPU.Build.0 = Release|iPhone
		{08C2F1C5-A3F5-4797-BA30-B2A2269372F1}.Ad-Hoc|iPhone.ActiveCfg = Release|iPhone
		{08C2F1C5-A3F5-4797-BA30-B2A2269372F1}.Ad-Hoc|iPhone.Build.0 = Release|iPhone
		{08C2F1C5-A3F5-4797-BA30-B2A2269372F1}.Ad-Hoc|iPhoneSimulator.ActiveCfg = Release|iPhoneSimulator
		{08C2F1C5-A3F5-4797-BA30-B2A2269372F1}.Ad-Hoc|iPhoneSimulator.Build.0 = Release|iPhoneSimulator
		{08C2F1C5-A3F5-4797-BA30-B2A2269372F1}.AppStore|Any CPU.ActiveCfg = Release|iPhone
		{08C2F1C5-A3F5-4797-BA30-B2A2269372F1}.AppStore|Any CPU.Build.0 = Release|iPhone
		{08C2F1C5-A3F5-4797-BA30-B2A2269372F1}.AppStore|iPhone.ActiveCfg = Release|iPhone
		{08C2F1C5-A3F5-4797-BA30-B2A2269372F1}.AppStore|iPhone.Build.0 = Release|iPhone
		{08C2F1C5-A3F5-4797-BA30-B2A2269372F1}.AppStore|iPhoneSimulator.ActiveCfg = Release|iPhoneSimulator
		{08C2F1C5-A3F5-4797-BA30-B2A2269372F1}.AppStore|iPhoneSimulator.Build.0 = Release|iPhoneSimulator
		{08C2F1C5-A3F5-4797-BA30-B2A2269372F1}.Debug|Any CPU.ActiveCfg = Debug|iPhone
		{08C2F1C5-A3F5-4797-BA30-B2A2269372F1}.Debug|iPhone.ActiveCfg = Debug|iPhone
		{08C2F1C5-A3F5-4797-BA30-B2A2269372F1}.Debug|iPhone.Build.0 = Debug|iPhone
		{08C2F1C5-A3F5-4797-BA30-B2A2269372F1}.Debug|iPhoneSimulator.ActiveCfg = Debug|iPhoneSimulator
		{08C2F1C5-A3F5-4797-BA30-B2A2269372F1}.Debug|iPhoneSimulator.Build.0 = Debug|iPhoneSimulator
		{08C2F1C5-A3F5-4797-BA30-B2A2269372F1}.Release|Any CPU.ActiveCfg = Release|iPhone
		{08C2F1C5-A3F5-4797-BA30-B2A2269372F1}.Release|iPhone.ActiveCfg = Release|iPhone
		{08C2F1C5-A3F5-4797-BA30-B2A2269372F1}.Release|iPhone.Build.0 = Release|iPhone
		{08C2F1C5-A3F5-4797-BA30-B2A2269372F1}.Release|iPhoneSimulator.ActiveCfg = Release|iPhoneSimulator
		{08C2F1C5-A3F5-4797-BA30-B2A2269372F1}.Release|iPhoneSimulator.Build.0 = Release|iPhoneSimulator
	EndGlobalSection
	GlobalSection(SolutionProperties) = preSolution
		HideSolutionNode = FALSE
	EndGlobalSection
	GlobalSection(ExtensibilityGlobals) = postSolution
		SolutionGuid = {FE016205-2251-4419-808A-338FD542DACD}
	EndGlobalSection
EndGlobal
